
Microsoft Visual Studio Solution File, Format Version 12.00
# Visual Studio Version 17
VisualStudioVersion = 17.14.36623.8 d17.14
MinimumVisualStudioVersion = 10.0.40219.1
Project("{FAE04EC0-301F-11D3-BF4B-00C04F79EFBC}") = "ThucHanh1", "ThucHanh1\ThucHanh1.csproj", "{76BEF165-F5F9-479D-9BB6-C0CA918520BE}"
EndProject
Global
	GlobalSection(SolutionConfigurationPlatforms) = preSolution
		Debug|Any CPU = Debug|Any CPU
		Release|Any CPU = Release|Any CPU
	EndGlobalSection
	GlobalSection(ProjectConfigurationPlatforms) = postSolution
		{76BEF165-F5F9-479D-9BB6-C0CA918520BE}.Debug|Any CPU.ActiveCfg = Debug|Any CPU
		{76BEF165-F5F9-479D-9BB6-C0CA918520BE}.Debug|Any CPU.Build.0 = Debug|Any CPU
		{76BEF165-F5F9-479D-9BB6-C0CA918520BE}.Release|Any CPU.ActiveCfg = Release|Any CPU
		{76BEF165-F5F9-479D-9BB6-C0CA918520BE}.Release|Any CPU.Build.0 = Release|Any CPU
	EndGlobalSection
	GlobalSection(SolutionProperties) = preSolution
		HideSolutionNode = FALSE
	EndGlobalSection
	GlobalSection(ExtensibilityGlobals) = postSolution
		SolutionGuid = {7F802541-A277-46FF-8451-AE570F1CA625}
	EndGlobalSection
EndGlobal
